
Microsoft Visual Studio Solution File, Format Version 12.00
# Visual Studio Version 16
VisualStudioVersion = 16.0.30128.74
MinimumVisualStudioVersion = 10.0.40219.1
Project("{FAE04EC0-301F-11D3-BF4B-00C04F79EFBC}") = "ExploreTexas", "ExploreTexas\ExploreTexas.csproj", "{6BEF0D93-C103-49C0-AD5D-E2B9DAF881CC}"
EndProject
Global
	GlobalSection(SolutionConfigurationPlatforms) = preSolution
		Debug|Any CPU = Debug|Any CPU
		Release|Any CPU = Release|Any CPU
	EndGlobalSection
	GlobalSection(ProjectConfigurationPlatforms) = postSolution
		{6BEF0D93-C103-49C0-AD5D-E2B9DAF881CC}.Debug|Any CPU.ActiveCfg = Debug|Any CPU
		{6BEF0D93-C103-49C0-AD5D-E2B9DAF881CC}.Debug|Any CPU.Build.0 = Debug|Any CPU
		{6BEF0D93-C103-49C0-AD5D-E2B9DAF881CC}.Release|Any CPU.ActiveCfg = Release|Any CPU
		{6BEF0D93-C103-49C0-AD5D-E2B9DAF881CC}.Release|Any CPU.Build.0 = Release|Any CPU
	EndGlobalSection
	GlobalSection(SolutionProperties) = preSolution
		HideSolutionNode = FALSE
	EndGlobalSection
	GlobalSection(ExtensibilityGlobals) = postSolution
		SolutionGuid = {4C8CC1A8-328A-4F6B-BFE8-D512A2552FC4}
	EndGlobalSection
EndGlobal
